
Microsoft Visual Studio Solution File, Format Version 12.00
# Visual Studio Version 17
VisualStudioVersion = 17.0.31903.59
MinimumVisualStudioVersion = 10.0.40219.1
Project("{2150E333-8FDC-42A3-9474-1A3956D46DE8}") = "files", "files", "{3B3625CC-919B-4216-9B50-BCFE297AA184}"
	ProjectSection(SolutionItems) = preProject
		.editorconfig = .editorconfig
		Directory.Build.props = Directory.Build.props
	EndProjectSection
EndProject
Project("{9A19103F-16F7-4668-BE54-9A1E7A4F7556}") = "Workleap.DomainEventPropagation.Publishing.Tests", "Workleap.DomainEventPropagation.Publishing.Tests\Workleap.DomainEventPropagation.Publishing.Tests.csproj", "{2A5429CC-E179-47E7-85BB-C1E33E2AFD8A}"
EndProject
Project("{9A19103F-16F7-4668-BE54-9A1E7A4F7556}") = "Workleap.DomainEventPropagation.Abstractions", "Workleap.DomainEventPropagation.Abstractions\Workleap.DomainEventPropagation.Abstractions.csproj", "{0E6521C9-28A3-40BC-B960-F558322E58E4}"
EndProject
Project("{9A19103F-16F7-4668-BE54-9A1E7A4F7556}") = "Workleap.DomainEventPropagation.Publishing", "Workleap.DomainEventPropagation.Publishing\Workleap.DomainEventPropagation.Publishing.csproj", "{C67FD6F4-FD02-4E5E-92A3-DAD15DD1DBBF}"
EndProject
Project("{9A19103F-16F7-4668-BE54-9A1E7A4F7556}") = "Workleap.DomainEventPropagation.Subscription", "Workleap.DomainEventPropagation.Subscription\Workleap.DomainEventPropagation.Subscription.csproj", "{1109EBB3-EF74-4C84-85B5-FDE7975FC705}"
EndProject
Project("{FAE04EC0-301F-11D3-BF4B-00C04F79EFBC}") = "Workleap.DomainEventPropagation.Subscription.ApplicationInsights", "Workleap.DomainEventPropagation.Subscription.ApplicationInsights\Workleap.DomainEventPropagation.Subscription.ApplicationInsights.csproj", "{8CF89642-D0AC-48A4-86AE-9CC9C318AEA9}"
EndProject
Project("{FAE04EC0-301F-11D3-BF4B-00C04F79EFBC}") = "Workleap.DomainEventPropagation.Publishing.ApplicationInsights", "Workleap.DomainEventPropagation.Publishing.ApplicationInsights\Workleap.DomainEventPropagation.Publishing.ApplicationInsights.csproj", "{0489B526-E881-4AA0-B893-E757FB65A66F}"
EndProject
Project("{FAE04EC0-301F-11D3-BF4B-00C04F79EFBC}") = "Workleap.DomainEventPropagation.Subscription.Tests", "Workleap.DomainEventPropagation.Subscription.Tests\Workleap.DomainEventPropagation.Subscription.Tests.csproj", "{B2F1E4B9-C32E-4835-BD1A-557ACCA85B58}"
EndProject
Project("{2150E333-8FDC-42A3-9474-1A3956D46DE8}") = "tests", "tests", "{52515FB6-FE9A-4121-9AB3-6066E49BCA79}"
EndProject
Project("{FAE04EC0-301F-11D3-BF4B-00C04F79EFBC}") = "Workleap.DomainEventPropagation.Analyzers", "Workleap.DomainEventPropagation.Analyzers\Workleap.DomainEventPropagation.Analyzers.csproj", "{20771920-AB99-49F0-92A9-7D341B156F91}"
EndProject
Project("{FAE04EC0-301F-11D3-BF4B-00C04F79EFBC}") = "Workleap.DomainEventPropagation.Analyzers.Tests", "Workleap.DomainEventPropagation.Analyzers.Tests\Workleap.DomainEventPropagation.Analyzers.Tests.csproj", "{8883071A-7B43-4B4C-9647-BE6CB0F16457}"
EndProject
Project("{FAE04EC0-301F-11D3-BF4B-00C04F79EFBC}") = "Workleap.DomainEventPropagation.Subscription.PullDelivery", "Workleap.DomainEventPropagation.Subscription.PullDelivery\Workleap.DomainEventPropagation.Subscription.PullDelivery.csproj", "{25A7D9D2-5804-49E0-84CB-7F489009F8B6}"
EndProject
Project("{FAE04EC0-301F-11D3-BF4B-00C04F79EFBC}") = "Workleap.DomainEventPropagation.Subscription.PullDelivery.Tests", "Workleap.DomainEventPropagation.Subscription.PullDelivery.Tests\Workleap.DomainEventPropagation.Subscription.PullDelivery.Tests.csproj", "{B06DE020-8945-4EF8-82E5-CE573BA5F032}"
EndProject
Project("{FAE04EC0-301F-11D3-BF4B-00C04F79EFBC}") = "Workleap.DomainEventPropagation.Subscription.PullDelivery.MisconfiguredTestAssembly", "Workleap.DomainEventPropagation.Subscription.PullDelivery.MisconfiguredTestAssembly\Workleap.DomainEventPropagation.Subscription.PullDelivery.MisconfiguredTestAssembly.csproj", "{1A3B898E-1210-4ABA-A71E-8FE7440F0F32}"
EndProject
Global
	GlobalSection(SolutionConfigurationPlatforms) = preSolution
		Debug|Any CPU = Debug|Any CPU
		Release|Any CPU = Release|Any CPU
	EndGlobalSection
	GlobalSection(ProjectConfigurationPlatforms) = postSolution
		{2A5429CC-E179-47E7-85BB-C1E33E2AFD8A}.Debug|Any CPU.ActiveCfg = Debug|Any CPU
		{2A5429CC-E179-47E7-85BB-C1E33E2AFD8A}.Debug|Any CPU.Build.0 = Debug|Any CPU
		{2A5429CC-E179-47E7-85BB-C1E33E2AFD8A}.Release|Any CPU.ActiveCfg = Release|Any CPU
		{2A5429CC-E179-47E7-85BB-C1E33E2AFD8A}.Release|Any CPU.Build.0 = Release|Any CPU
		{0E6521C9-28A3-40BC-B960-F558322E58E4}.Debug|Any CPU.ActiveCfg = Debug|Any CPU
		{0E6521C9-28A3-40BC-B960-F558322E58E4}.Debug|Any CPU.Build.0 = Debug|Any CPU
		{0E6521C9-28A3-40BC-B960-F558322E58E4}.Release|Any CPU.ActiveCfg = Release|Any CPU
		{0E6521C9-28A3-40BC-B960-F558322E58E4}.Release|Any CPU.Build.0 = Release|Any CPU
		{C67FD6F4-FD02-4E5E-92A3-DAD15DD1DBBF}.Debug|Any CPU.ActiveCfg = Debug|Any CPU
		{C67FD6F4-FD02-4E5E-92A3-DAD15DD1DBBF}.Debug|Any CPU.Build.0 = Debug|Any CPU
		{C67FD6F4-FD02-4E5E-92A3-DAD15DD1DBBF}.Release|Any CPU.ActiveCfg = Release|Any CPU
		{C67FD6F4-FD02-4E5E-92A3-DAD15DD1DBBF}.Release|Any CPU.Build.0 = Release|Any CPU
		{1109EBB3-EF74-4C84-85B5-FDE7975FC705}.Debug|Any CPU.ActiveCfg = Debug|Any CPU
		{1109EBB3-EF74-4C84-85B5-FDE7975FC705}.Debug|Any CPU.Build.0 = Debug|Any CPU
		{1109EBB3-EF74-4C84-85B5-FDE7975FC705}.Release|Any CPU.ActiveCfg = Release|Any CPU
		{1109EBB3-EF74-4C84-85B5-FDE7975FC705}.Release|Any CPU.Build.0 = Release|Any CPU
		{8CF89642-D0AC-48A4-86AE-9CC9C318AEA9}.Debug|Any CPU.ActiveCfg = Debug|Any CPU
		{8CF89642-D0AC-48A4-86AE-9CC9C318AEA9}.Debug|Any CPU.Build.0 = Debug|Any CPU
		{8CF89642-D0AC-48A4-86AE-9CC9C318AEA9}.Release|Any CPU.ActiveCfg = Release|Any CPU
		{8CF89642-D0AC-48A4-86AE-9CC9C318AEA9}.Release|Any CPU.Build.0 = Release|Any CPU
		{0489B526-E881-4AA0-B893-E757FB65A66F}.Debug|Any CPU.ActiveCfg = Debug|Any CPU
		{0489B526-E881-4AA0-B893-E757FB65A66F}.Debug|Any CPU.Build.0 = Debug|Any CPU
		{0489B526-E881-4AA0-B893-E757FB65A66F}.Release|Any CPU.ActiveCfg = Release|Any CPU
		{0489B526-E881-4AA0-B893-E757FB65A66F}.Release|Any CPU.Build.0 = Release|Any CPU
		{B2F1E4B9-C32E-4835-BD1A-557ACCA85B58}.Debug|Any CPU.ActiveCfg = Debug|Any CPU
		{B2F1E4B9-C32E-4835-BD1A-557ACCA85B58}.Debug|Any CPU.Build.0 = Debug|Any CPU
		{B2F1E4B9-C32E-4835-BD1A-557ACCA85B58}.Release|Any CPU.ActiveCfg = Release|Any CPU
		{B2F1E4B9-C32E-4835-BD1A-557ACCA85B58}.Release|Any CPU.Build.0 = Release|Any CPU
		{20771920-AB99-49F0-92A9-7D341B156F91}.Debug|Any CPU.ActiveCfg = Debug|Any CPU
		{20771920-AB99-49F0-92A9-7D341B156F91}.Debug|Any CPU.Build.0 = Debug|Any CPU
		{20771920-AB99-49F0-92A9-7D341B156F91}.Release|Any CPU.ActiveCfg = Release|Any CPU
		{20771920-AB99-49F0-92A9-7D341B156F91}.Release|Any CPU.Build.0 = Release|Any CPU
		{8883071A-7B43-4B4C-9647-BE6CB0F16457}.Debug|Any CPU.ActiveCfg = Debug|Any CPU
		{8883071A-7B43-4B4C-9647-BE6CB0F16457}.Debug|Any CPU.Build.0 = Debug|Any CPU
		{8883071A-7B43-4B4C-9647-BE6CB0F16457}.Release|Any CPU.ActiveCfg = Release|Any CPU
		{8883071A-7B43-4B4C-9647-BE6CB0F16457}.Release|Any CPU.Build.0 = Release|Any CPU
		{25A7D9D2-5804-49E0-84CB-7F489009F8B6}.Debug|Any CPU.ActiveCfg = Debug|Any CPU
		{25A7D9D2-5804-49E0-84CB-7F489009F8B6}.Debug|Any CPU.Build.0 = Debug|Any CPU
		{25A7D9D2-5804-49E0-84CB-7F489009F8B6}.Release|Any CPU.ActiveCfg = Release|Any CPU
		{25A7D9D2-5804-49E0-84CB-7F489009F8B6}.Release|Any CPU.Build.0 = Release|Any CPU
		{B06DE020-8945-4EF8-82E5-CE573BA5F032}.Debug|Any CPU.ActiveCfg = Debug|Any CPU
		{B06DE020-8945-4EF8-82E5-CE573BA5F032}.Debug|Any CPU.Build.0 = Debug|Any CPU
		{B06DE020-8945-4EF8-82E5-CE573BA5F032}.Release|Any CPU.ActiveCfg = Release|Any CPU
		{B06DE020-8945-4EF8-82E5-CE573BA5F032}.Release|Any CPU.Build.0 = Release|Any CPU
		{1A3B898E-1210-4ABA-A71E-8FE7440F0F32}.Debug|Any CPU.ActiveCfg = Debug|Any CPU
		{1A3B898E-1210-4ABA-A71E-8FE7440F0F32}.Debug|Any CPU.Build.0 = Debug|Any CPU
		{1A3B898E-1210-4ABA-A71E-8FE7440F0F32}.Release|Any CPU.ActiveCfg = Release|Any CPU
		{1A3B898E-1210-4ABA-A71E-8FE7440F0F32}.Release|Any CPU.Build.0 = Release|Any CPU
	EndGlobalSection
	GlobalSection(SolutionProperties) = preSolution
		HideSolutionNode = FALSE
	EndGlobalSection
	GlobalSection(ExtensibilityGlobals) = postSolution
		SolutionGuid = {B5442B43-A821-42C0-8A70-ED565B188A71}
	EndGlobalSection
	GlobalSection(NestedProjects) = preSolution
		{2A5429CC-E179-47E7-85BB-C1E33E2AFD8A} = {52515FB6-FE9A-4121-9AB3-6066E49BCA79}
		{B2F1E4B9-C32E-4835-BD1A-557ACCA85B58} = {52515FB6-FE9A-4121-9AB3-6066E49BCA79}
		{8883071A-7B43-4B4C-9647-BE6CB0F16457} = {52515FB6-FE9A-4121-9AB3-6066E49BCA79}
		{B06DE020-8945-4EF8-82E5-CE573BA5F032} = {52515FB6-FE9A-4121-9AB3-6066E49BCA79}
		{1A3B898E-1210-4ABA-A71E-8FE7440F0F32} = {52515FB6-FE9A-4121-9AB3-6066E49BCA79}
	EndGlobalSection
EndGlobal
